
Microsoft Visual Studio Solution File, Format Version 12.00
# Visual Studio 14
VisualStudioVersion = 14.0.25420.1
MinimumVisualStudioVersion = 10.0.40219.1
Project("{FAE04EC0-301F-11D3-BF4B-00C04F79EFBC}") = "C1TrueDBGridStylesImageExtractor", "C1TrueDBGridStylesImageExtractor\C1TrueDBGridStylesImageExtractor.csproj", "{F2EC3D5A-FF72-442E-9819-033651EF8CE1}"
EndProject
Project("{FAE04EC0-301F-11D3-BF4B-00C04F79EFBC}") = "C1TrueDBGridStylesImageExtractorTest", "C1TrueDBGridStylesImageExtractorTest\C1TrueDBGridStylesImageExtractorTest.csproj", "{C313F48B-4F09-4B4E-B04A-15F3867EB219}"
EndProject
Project("{FAE04EC0-301F-11D3-BF4B-00C04F79EFBC}") = "C1TrueDBGridStylesImageExtractorUI", "C1TrueDBGridStylesImageExtractorUI\C1TrueDBGridStylesImageExtractorUI.csproj", "{5B1D2003-6E3A-4B57-A756-D67A14EDF6AD}"
EndProject
Global
	GlobalSection(SolutionConfigurationPlatforms) = preSolution
		Debug|Any CPU = Debug|Any CPU
		Release|Any CPU = Release|Any CPU
	EndGlobalSection
	GlobalSection(ProjectConfigurationPlatforms) = postSolution
		{F2EC3D5A-FF72-442E-9819-033651EF8CE1}.Debug|Any CPU.ActiveCfg = Debug|Any CPU
		{F2EC3D5A-FF72-442E-9819-033651EF8CE1}.Debug|Any CPU.Build.0 = Debug|Any CPU
		{F2EC3D5A-FF72-442E-9819-033651EF8CE1}.Release|Any CPU.ActiveCfg = Release|Any CPU
		{F2EC3D5A-FF72-442E-9819-033651EF8CE1}.Release|Any CPU.Build.0 = Release|Any CPU
		{C313F48B-4F09-4B4E-B04A-15F3867EB219}.Debug|Any CPU.ActiveCfg = Debug|Any CPU
		{C313F48B-4F09-4B4E-B04A-15F3867EB219}.Debug|Any CPU.Build.0 = Debug|Any CPU
		{C313F48B-4F09-4B4E-B04A-15F3867EB219}.Release|Any CPU.ActiveCfg = Release|Any CPU
		{C313F48B-4F09-4B4E-B04A-15F3867EB219}.Release|Any CPU.Build.0 = Release|Any CPU
		{5B1D2003-6E3A-4B57-A756-D67A14EDF6AD}.Debug|Any CPU.ActiveCfg = Debug|Any CPU
		{5B1D2003-6E3A-4B57-A756-D67A14EDF6AD}.Debug|Any CPU.Build.0 = Debug|Any CPU
		{5B1D2003-6E3A-4B57-A756-D67A14EDF6AD}.Release|Any CPU.ActiveCfg = Release|Any CPU
		{5B1D2003-6E3A-4B57-A756-D67A14EDF6AD}.Release|Any CPU.Build.0 = Release|Any CPU
	EndGlobalSection
	GlobalSection(SolutionProperties) = preSolution
		HideSolutionNode = FALSE
	EndGlobalSection
EndGlobal
